PODS:
  - Alamofire (4.4.0)
  - AutoCycleAdview (1.0.2):
    - Kingfisher
  - AwsomeTextField (1.0.4)
  - Kingfisher (3.5.2)
  - MJRefresh (3.1.12)
  - Moya (8.0.3):
    - Moya/Core (= 8.0.3)
  - Moya/Core (8.0.3):
    - Alamofire (~> 4.1)
    - Result (~> 3.0)
  - Moya/RxSwift (8.0.3):
    - Moya/Core
    - RxSwift (~> 3.0)
  - ObjectMapper (2.2.5)
  - PagingMenuController (2.2.0)
  - Result (3.2.1)
  - RxBlocking (3.3.1):
    - RxSwift (~> 3.3)
  - RxCocoa (3.3.1):
    - RxSwift (~> 3.3)
  - RxDataSources (1.0.3):
    - RxCocoa (~> 3.0)
    - RxSwift (~> 3.0)
  - RxSwift (3.3.1)
  - SnapKit (3.2.0)

DEPENDENCIES:
  - AutoCycleAdview (from `https://github.com/CNKCQ/AutoCycleAdview.git`)
  - AwsomeTextField
  - Kingfisher
  - MJRefresh
  - Moya (~> 8.0)
  - Moya/RxSwift (~> 8.0)
  - ObjectMapper
  - PagingMenuController
  - RxBlocking (~> 3.0)
  - RxCocoa (~> 3.0)
  - RxDataSources
  - RxSwift (~> 3.0)
  - SnapKit

EXTERNAL SOURCES:
  AutoCycleAdview:
    :git: https://github.com/CNKCQ/AutoCycleAdview.git

CHECKOUT OPTIONS:
  AutoCycleAdview:
    :commit: a3955ed9b6a2d00354d0a5a9736176ef7a9e5c1a
    :git: https://github.com/CNKCQ/AutoCycleAdview.git

SPEC CHECKSUMS:
  Alamofire: dc44b1600b800eb63da6a19039a0083d62a6a62d
  AutoCycleAdview: '0694b43c648f803b4a583a2e73ed6d78220cd552'
  AwsomeTextField: a1e83c3d939ff0285d6b1c5fc1fe0a9b5a743312
  Kingfisher: 9950e382c500b6834ce004c7c4131c444e90c3a1
  MJRefresh: b96cdb21c4aa75a7b07654311ab2f315c497e806
  Moya: d3721622e3cc0cc2f038d69a258686f0b66e7252
  ObjectMapper: fb30f71e08470d1e5a20b199fafe1246281db898
  PagingMenuController: 6176618987bb170096664f2da097313e45ed9c31
  Result: 2453a22e5c5b11c0c3a478736e82cd02f763b781
  RxBlocking: c5918ecb86b8c205a8ccc6d1ff2abb338ddc50a0
  RxCocoa: 7dcb7a1860fc9cd0e23dae67ab105fc2916670b6
  RxDataSources: a021a0e944ba5f7991259829d973afdbfa719c0b
  RxSwift: 8fc9f2de6275a9101d518444e00bf32f1a42caac
  SnapKit: 1ca44df72cfa543218d177cb8aab029d10d86ea7

PODFILE CHECKSUM: a56fa3d03da5c55535e6d647f199379bb16bf728

COCOAPODS: 1.2.0
